
Microsoft Visual Studio Solution File, Format Version 12.00
# Visual Studio Version 17
VisualStudioVersion = 17.0.31903.59
MinimumVisualStudioVersion = 10.0.40219.1
Project("{FAE04EC0-301F-11D3-BF4B-00C04F79EFBC}") = "KanonBot", "src\KanonBot.csproj", "{8CA995FE-0476-4976-8B3B-0F896E6F05C2}"
EndProject
Project("{FAE04EC0-301F-11D3-BF4B-00C04F79EFBC}") = "Tests", "Tests\Tests.csproj", "{53976824-B5EF-451E-A1A4-3131AD12B139}"
EndProject
Global
	GlobalSection(SolutionConfigurationPlatforms) = preSolution
		Debug|Any CPU = Debug|Any CPU
		Release|Any CPU = Release|Any CPU
	EndGlobalSection
	GlobalSection(SolutionProperties) = preSolution
		HideSolutionNode = FALSE
	EndGlobalSection
	GlobalSection(ProjectConfigurationPlatforms) = postSolution
		{8CA995FE-0476-4976-8B3B-0F896E6F05C2}.Debug|Any CPU.ActiveCfg = Debug|Any CPU
		{8CA995FE-0476-4976-8B3B-0F896E6F05C2}.Debug|Any CPU.Build.0 = Debug|Any CPU
		{8CA995FE-0476-4976-8B3B-0F896E6F05C2}.Release|Any CPU.ActiveCfg = Release|Any CPU
		{8CA995FE-0476-4976-8B3B-0F896E6F05C2}.Release|Any CPU.Build.0 = Release|Any CPU
		{53976824-B5EF-451E-A1A4-3131AD12B139}.Debug|Any CPU.ActiveCfg = Debug|Any CPU
		{53976824-B5EF-451E-A1A4-3131AD12B139}.Debug|Any CPU.Build.0 = Debug|Any CPU
		{53976824-B5EF-451E-A1A4-3131AD12B139}.Release|Any CPU.ActiveCfg = Release|Any CPU
		{53976824-B5EF-451E-A1A4-3131AD12B139}.Release|Any CPU.Build.0 = Release|Any CPU
	EndGlobalSection
EndGlobal
