
Microsoft Visual Studio Solution File, Format Version 12.00
# Visual Studio Version 17
VisualStudioVersion = 17.8.34525.116
MinimumVisualStudioVersion = 10.0.40219.1
Project("{FAE04EC0-301F-11D3-BF4B-00C04F79EFBC}") = "desu.life - Bot", "desu.life - Bot.csproj", "{A8F084D1-7548-41B6-8518-EBF3389B0640}"
EndProject
Global
	GlobalSection(SolutionConfigurationPlatforms) = preSolution
		Debug|Any CPU = Debug|Any CPU
		Release|Any CPU = Release|Any CPU
	EndGlobalSection
	GlobalSection(ProjectConfigurationPlatforms) = postSolution
		{A8F084D1-7548-41B6-8518-EBF3389B0640}.Debug|Any CPU.ActiveCfg = Debug|Any CPU
		{A8F084D1-7548-41B6-8518-EBF3389B0640}.Debug|Any CPU.Build.0 = Debug|Any CPU
		{A8F084D1-7548-41B6-8518-EBF3389B0640}.Release|Any CPU.ActiveCfg = Release|Any CPU
		{A8F084D1-7548-41B6-8518-EBF3389B0640}.Release|Any CPU.Build.0 = Release|Any CPU
	EndGlobalSection
	GlobalSection(SolutionProperties) = preSolution
		HideSolutionNode = FALSE
	EndGlobalSection
	GlobalSection(ExtensibilityGlobals) = postSolution
		SolutionGuid = {576CDD5D-D59F-4A4E-A67F-65813470BBED}
	EndGlobalSection
EndGlobal
