
Microsoft Visual Studio Solution File, Format Version 12.00
# Visual Studio Version 17
VisualStudioVersion = 17.5.002.0
MinimumVisualStudioVersion = 10.0.40219.1
Project("{9A19103F-16F7-4668-BE54-9A1E7A4F7556}") = "osu-pp", "osu-pp.csproj", "{C0A1235D-CD0B-40E7-AEB2-88BCA8A0A284}"
EndProject
Global
	GlobalSection(SolutionConfigurationPlatforms) = preSolution
		Debug|Any CPU = Debug|Any CPU
		Release|Any CPU = Release|Any CPU
	EndGlobalSection
	GlobalSection(ProjectConfigurationPlatforms) = postSolution
		{C0A1235D-CD0B-40E7-AEB2-88BCA8A0A284}.Debug|Any CPU.ActiveCfg = Debug|Any CPU
		{C0A1235D-CD0B-40E7-AEB2-88BCA8A0A284}.Debug|Any CPU.Build.0 = Debug|Any CPU
		{C0A1235D-CD0B-40E7-AEB2-88BCA8A0A284}.Release|Any CPU.ActiveCfg = Release|Any CPU
		{C0A1235D-CD0B-40E7-AEB2-88BCA8A0A284}.Release|Any CPU.Build.0 = Release|Any CPU
	EndGlobalSection
	GlobalSection(SolutionProperties) = preSolution
		HideSolutionNode = FALSE
	EndGlobalSection
	GlobalSection(ExtensibilityGlobals) = postSolution
		SolutionGuid = {5F6E1886-AFBA-4923-900E-C03852110BD7}
	EndGlobalSection
EndGlobal
